
Microsoft Visual Studio Solution File, Format Version 12.00
# Visual Studio Version 17
VisualStudioVersion = 17.12.35707.178
MinimumVisualStudioVersion = 10.0.40219.1
Project("{FAE04EC0-301F-11D3-BF4B-00C04F79EFBC}") = "ChildCareCalendar.Web", "childcare-calendar\ChildCareCalendar.Web.csproj", "{D2D0CE39-749D-4B69-9332-2F08F387D579}"
EndProject
Project("{2150E333-8FDC-42A3-9474-1A3956D46DE8}") = "Application", "Application", "{A360F6EA-1CD6-4795-BFC8-AAF2DC1E9BEB}"
EndProject
Project("{2150E333-8FDC-42A3-9474-1A3956D46DE8}") = "Infrastructure", "Infrastructure", "{52D18102-DC0F-4145-840F-B8C77950FE7E}"
EndProject
Project("{2150E333-8FDC-42A3-9474-1A3956D46DE8}") = "Domain", "Domain", "{B0E73CC1-D1D0-4700-B111-3C87DE7C7DE9}"
EndProject
Project("{FAE04EC0-301F-11D3-BF4B-00C04F79EFBC}") = "ChildCareCalendar.Domain", "ChildCareCalendar.Domain\ChildCareCalendar.Domain.csproj", "{5BDC33A9-4F86-48A9-8335-1CAE5877F52E}"
EndProject
Project("{2150E333-8FDC-42A3-9474-1A3956D46DE8}") = "Ulities", "Ulities", "{5C52900D-29A6-47A5-A89B-58855A7FA7B8}"
EndProject
Project("{FAE04EC0-301F-11D3-BF4B-00C04F79EFBC}") = "ChildCareCalendar.Ulities", "ChildCareCalendar.Ulities\ChildCareCalendar.Ulities.csproj", "{6D6F0CBE-10CA-4E0D-912F-16ACEC452A74}"
EndProject
Project("{FAE04EC0-301F-11D3-BF4B-00C04F79EFBC}") = "ChildCareCalendar.Application", "ChildCareCalendar.Application\ChildCareCalendar.Application.csproj", "{5CC3B8F2-0ED1-4D95-B491-AC95560A2574}"
EndProject
Project("{FAE04EC0-301F-11D3-BF4B-00C04F79EFBC}") = "ChildCareCalendar.Infrastructure", "ChildCareCalendar.Infrastructure\ChildCareCalendar.Infrastructure.csproj", "{30ED40B2-35F4-49BE-9646-2D25BB10BE73}"
EndProject
Global
	GlobalSection(SolutionConfigurationPlatforms) = preSolution
		Debug|Any CPU = Debug|Any CPU
		Release|Any CPU = Release|Any CPU
	EndGlobalSection
	GlobalSection(ProjectConfigurationPlatforms) = postSolution
		{D2D0CE39-749D-4B69-9332-2F08F387D579}.Debug|Any CPU.ActiveCfg = Debug|Any CPU
		{D2D0CE39-749D-4B69-9332-2F08F387D579}.Debug|Any CPU.Build.0 = Debug|Any CPU
		{D2D0CE39-749D-4B69-9332-2F08F387D579}.Release|Any CPU.ActiveCfg = Release|Any CPU
		{D2D0CE39-749D-4B69-9332-2F08F387D579}.Release|Any CPU.Build.0 = Release|Any CPU
		{5BDC33A9-4F86-48A9-8335-1CAE5877F52E}.Debug|Any CPU.ActiveCfg = Debug|Any CPU
		{5BDC33A9-4F86-48A9-8335-1CAE5877F52E}.Debug|Any CPU.Build.0 = Debug|Any CPU
		{5BDC33A9-4F86-48A9-8335-1CAE5877F52E}.Release|Any CPU.ActiveCfg = Release|Any CPU
		{5BDC33A9-4F86-48A9-8335-1CAE5877F52E}.Release|Any CPU.Build.0 = Release|Any CPU
		{6D6F0CBE-10CA-4E0D-912F-16ACEC452A74}.Debug|Any CPU.ActiveCfg = Debug|Any CPU
		{6D6F0CBE-10CA-4E0D-912F-16ACEC452A74}.Debug|Any CPU.Build.0 = Debug|Any CPU
		{6D6F0CBE-10CA-4E0D-912F-16ACEC452A74}.Release|Any CPU.ActiveCfg = Release|Any CPU
		{6D6F0CBE-10CA-4E0D-912F-16ACEC452A74}.Release|Any CPU.Build.0 = Release|Any CPU
		{5CC3B8F2-0ED1-4D95-B491-AC95560A2574}.Debug|Any CPU.ActiveCfg = Debug|Any CPU
		{5CC3B8F2-0ED1-4D95-B491-AC95560A2574}.Debug|Any CPU.Build.0 = Debug|Any CPU
		{5CC3B8F2-0ED1-4D95-B491-AC95560A2574}.Release|Any CPU.ActiveCfg = Release|Any CPU
		{5CC3B8F2-0ED1-4D95-B491-AC95560A2574}.Release|Any CPU.Build.0 = Release|Any CPU
		{30ED40B2-35F4-49BE-9646-2D25BB10BE73}.Debug|Any CPU.ActiveCfg = Debug|Any CPU
		{30ED40B2-35F4-49BE-9646-2D25BB10BE73}.Debug|Any CPU.Build.0 = Debug|Any CPU
		{30ED40B2-35F4-49BE-9646-2D25BB10BE73}.Release|Any CPU.ActiveCfg = Release|Any CPU
		{30ED40B2-35F4-49BE-9646-2D25BB10BE73}.Release|Any CPU.Build.0 = Release|Any CPU
	EndGlobalSection
	GlobalSection(SolutionProperties) = preSolution
		HideSolutionNode = FALSE
	EndGlobalSection
	GlobalSection(NestedProjects) = preSolution
		{5BDC33A9-4F86-48A9-8335-1CAE5877F52E} = {B0E73CC1-D1D0-4700-B111-3C87DE7C7DE9}
		{6D6F0CBE-10CA-4E0D-912F-16ACEC452A74} = {5C52900D-29A6-47A5-A89B-58855A7FA7B8}
		{5CC3B8F2-0ED1-4D95-B491-AC95560A2574} = {A360F6EA-1CD6-4795-BFC8-AAF2DC1E9BEB}
		{30ED40B2-35F4-49BE-9646-2D25BB10BE73} = {52D18102-DC0F-4145-840F-B8C77950FE7E}
	EndGlobalSection
EndGlobal
