
Microsoft Visual Studio Solution File, Format Version 12.00
# Visual Studio Version 17
VisualStudioVersion = 17.12.35707.178
MinimumVisualStudioVersion = 10.0.40219.1
Project("{2150E333-8FDC-42A3-9474-1A3956D46DE8}") = "Infrastructure", "Infrastructure", "{52D18102-DC0F-4145-840F-B8C77950FE7E}"
EndProject
Project("{2150E333-8FDC-42A3-9474-1A3956D46DE8}") = "Domain", "Domain", "{B0E73CC1-D1D0-4700-B111-3C87DE7C7DE9}"
EndProject
Project("{9A19103F-16F7-4668-BE54-9A1E7A4F7556}") = "ChildCareCalendar.Domain", "ChildCareCalendar.Domain\ChildCareCalendar.Domain.csproj", "{5BDC33A9-4F86-48A9-8335-1CAE5877F52E}"
EndProject
Project("{9A19103F-16F7-4668-BE54-9A1E7A4F7556}") = "ChildCareCalendar.Utilities", "ChildCareCalendar.Utilities\ChildCareCalendar.Utilities.csproj", "{5C52900D-29A6-47A5-A89B-58855A7FA7B8}"
EndProject
Project("{9A19103F-16F7-4668-BE54-9A1E7A4F7556}") = "ChildCareCalendar.Infrastructure", "ChildCareCalendar.Infrastructure\ChildCareCalendar.Infrastructure.csproj", "{30ED40B2-35F4-49BE-9646-2D25BB10BE73}"
EndProject
Project("{9A19103F-16F7-4668-BE54-9A1E7A4F7556}") = "ChildCareCalendar.WebApp", "ChildCareCalendar.WebApp\ChildCareCalendar.WebApp.csproj", "{30EA0F97-94BD-4212-8DF9-C93E93804540}"
EndProject
Project("{9A19103F-16F7-4668-BE54-9A1E7A4F7556}") = "ChildCareCalendar.Admin", "ChildCareCalendar.Admin\ChildCareCalendar.Admin.csproj", "{4DF0081B-5EF1-4E67-8CA1-2E37AE0044BD}"
EndProject
Project("{2150E333-8FDC-42A3-9474-1A3956D46DE8}") = "Utilities", "Utilities", "{69444D48-925E-47F7-BDEB-0EDCAD977DA3}"
EndProject
Global
	GlobalSection(SolutionConfigurationPlatforms) = preSolution
		Debug|Any CPU = Debug|Any CPU
		Release|Any CPU = Release|Any CPU
	EndGlobalSection
	GlobalSection(ProjectConfigurationPlatforms) = postSolution
		{5BDC33A9-4F86-48A9-8335-1CAE5877F52E}.Debug|Any CPU.ActiveCfg = Debug|Any CPU
		{5BDC33A9-4F86-48A9-8335-1CAE5877F52E}.Debug|Any CPU.Build.0 = Debug|Any CPU
		{5BDC33A9-4F86-48A9-8335-1CAE5877F52E}.Release|Any CPU.ActiveCfg = Release|Any CPU
		{5BDC33A9-4F86-48A9-8335-1CAE5877F52E}.Release|Any CPU.Build.0 = Release|Any CPU
		{5C52900D-29A6-47A5-A89B-58855A7FA7B8}.Debug|Any CPU.ActiveCfg = Debug|Any CPU
		{5C52900D-29A6-47A5-A89B-58855A7FA7B8}.Debug|Any CPU.Build.0 = Debug|Any CPU
		{5C52900D-29A6-47A5-A89B-58855A7FA7B8}.Release|Any CPU.ActiveCfg = Release|Any CPU
		{5C52900D-29A6-47A5-A89B-58855A7FA7B8}.Release|Any CPU.Build.0 = Release|Any CPU
		{30ED40B2-35F4-49BE-9646-2D25BB10BE73}.Debug|Any CPU.ActiveCfg = Debug|Any CPU
		{30ED40B2-35F4-49BE-9646-2D25BB10BE73}.Debug|Any CPU.Build.0 = Debug|Any CPU
		{30ED40B2-35F4-49BE-9646-2D25BB10BE73}.Release|Any CPU.ActiveCfg = Release|Any CPU
		{30ED40B2-35F4-49BE-9646-2D25BB10BE73}.Release|Any CPU.Build.0 = Release|Any CPU
		{30EA0F97-94BD-4212-8DF9-C93E93804540}.Debug|Any CPU.ActiveCfg = Debug|Any CPU
		{30EA0F97-94BD-4212-8DF9-C93E93804540}.Debug|Any CPU.Build.0 = Debug|Any CPU
		{30EA0F97-94BD-4212-8DF9-C93E93804540}.Release|Any CPU.ActiveCfg = Release|Any CPU
		{30EA0F97-94BD-4212-8DF9-C93E93804540}.Release|Any CPU.Build.0 = Release|Any CPU
		{4DF0081B-5EF1-4E67-8CA1-2E37AE0044BD}.Debug|Any CPU.ActiveCfg = Debug|Any CPU
		{4DF0081B-5EF1-4E67-8CA1-2E37AE0044BD}.Debug|Any CPU.Build.0 = Debug|Any CPU
		{4DF0081B-5EF1-4E67-8CA1-2E37AE0044BD}.Release|Any CPU.ActiveCfg = Release|Any CPU
		{4DF0081B-5EF1-4E67-8CA1-2E37AE0044BD}.Release|Any CPU.Build.0 = Release|Any CPU
	EndGlobalSection
	GlobalSection(SolutionProperties) = preSolution
		HideSolutionNode = FALSE
	EndGlobalSection
	GlobalSection(NestedProjects) = preSolution
		{5BDC33A9-4F86-48A9-8335-1CAE5877F52E} = {B0E73CC1-D1D0-4700-B111-3C87DE7C7DE9}
		{5C52900D-29A6-47A5-A89B-58855A7FA7B8} = {69444D48-925E-47F7-BDEB-0EDCAD977DA3}
		{30ED40B2-35F4-49BE-9646-2D25BB10BE73} = {52D18102-DC0F-4145-840F-B8C77950FE7E}
	EndGlobalSection
	GlobalSection(ExtensibilityGlobals) = postSolution
		SolutionGuid = {2ED836AC-161E-48F5-89D6-67332BCE40FB}
	EndGlobalSection
EndGlobal
